
Microsoft Visual Studio Solution File, Format Version 12.00
# Visual Studio 15
VisualStudioVersion = 15.0.27703.2035
MinimumVisualStudioVersion = 10.0.40219.1
Project("{FAE04EC0-301F-11D3-BF4B-00C04F79EFBC}") = "SignalR", "SignalR\SignalR.csproj", "{FC11DDC1-CAFC-42BF-9078-8F9E4E9485FB}"
EndProject
Global
	GlobalSection(SolutionConfigurationPlatforms) = preSolution
		Debug|Any CPU = Debug|Any CPU
		Release|Any CPU = Release|Any CPU
	EndGlobalSection
	GlobalSection(ProjectConfigurationPlatforms) = postSolution
		{FC11DDC1-CAFC-42BF-9078-8F9E4E9485FB}.Debug|Any CPU.ActiveCfg = Debug|Any CPU
		{FC11DDC1-CAFC-42BF-9078-8F9E4E9485FB}.Debug|Any CPU.Build.0 = Debug|Any CPU
		{FC11DDC1-CAFC-42BF-9078-8F9E4E9485FB}.Release|Any CPU.ActiveCfg = Release|Any CPU
		{FC11DDC1-CAFC-42BF-9078-8F9E4E9485FB}.Release|Any CPU.Build.0 = Release|Any CPU
	EndGlobalSection
	GlobalSection(SolutionProperties) = preSolution
		HideSolutionNode = FALSE
	EndGlobalSection
	GlobalSection(ExtensibilityGlobals) = postSolution
		SolutionGuid = {A19946BB-7191-4A67-BA5B-A2DF14950A7B}
	EndGlobalSection
EndGlobal
